
Microsoft Visual Studio Solution File, Format Version 12.00
# Visual Studio Version 16
VisualStudioVersion = 16.0.31129.286
MinimumVisualStudioVersion = 10.0.40219.1
Project("{FAE04EC0-301F-11D3-BF4B-00C04F79EFBC}") = "Exceptions", "Exceptions\Exceptions.csproj", "{A32B94AF-8B55-4B30-A9F6-890147A9D267}"
EndProject
Global
	GlobalSection(SolutionConfigurationPlatforms) = preSolution
		Debug|Any CPU = Debug|Any CPU
		Release|Any CPU = Release|Any CPU
	EndGlobalSection
	GlobalSection(ProjectConfigurationPlatforms) = postSolution
		{A32B94AF-8B55-4B30-A9F6-890147A9D267}.Debug|Any CPU.ActiveCfg = Debug|Any CPU
		{A32B94AF-8B55-4B30-A9F6-890147A9D267}.Debug|Any CPU.Build.0 = Debug|Any CPU
		{A32B94AF-8B55-4B30-A9F6-890147A9D267}.Release|Any CPU.ActiveCfg = Release|Any CPU
		{A32B94AF-8B55-4B30-A9F6-890147A9D267}.Release|Any CPU.Build.0 = Release|Any CPU
	EndGlobalSection
	GlobalSection(SolutionProperties) = preSolution
		HideSolutionNode = FALSE
	EndGlobalSection
	GlobalSection(ExtensibilityGlobals) = postSolution
		SolutionGuid = {522ABB01-B3DB-4D2C-A814-F214599096B9}
	EndGlobalSection
EndGlobal
