
Microsoft Visual Studio Solution File, Format Version 12.00
# Visual Studio Version 16
VisualStudioVersion = 16.0.31129.286
MinimumVisualStudioVersion = 10.0.40219.1
Project("{FAE04EC0-301F-11D3-BF4B-00C04F79EFBC}") = "Structs", "Structs\Structs.csproj", "{757BD9F7-AE99-4223-9F67-46482BE04AA3}"
EndProject
Global
	GlobalSection(SolutionConfigurationPlatforms) = preSolution
		Debug|Any CPU = Debug|Any CPU
		Release|Any CPU = Release|Any CPU
	EndGlobalSection
	GlobalSection(ProjectConfigurationPlatforms) = postSolution
		{757BD9F7-AE99-4223-9F67-46482BE04AA3}.Debug|Any CPU.ActiveCfg = Debug|Any CPU
		{757BD9F7-AE99-4223-9F67-46482BE04AA3}.Debug|Any CPU.Build.0 = Debug|Any CPU
		{757BD9F7-AE99-4223-9F67-46482BE04AA3}.Release|Any CPU.ActiveCfg = Release|Any CPU
		{757BD9F7-AE99-4223-9F67-46482BE04AA3}.Release|Any CPU.Build.0 = Release|Any CPU
	EndGlobalSection
	GlobalSection(SolutionProperties) = preSolution
		HideSolutionNode = FALSE
	EndGlobalSection
	GlobalSection(ExtensibilityGlobals) = postSolution
		SolutionGuid = {6D73A193-B800-402E-9907-85205B0CF671}
	EndGlobalSection
EndGlobal
