
Microsoft Visual Studio Solution File, Format Version 12.00
# Visual Studio Version 16
VisualStudioVersion = 16.0.31129.286
MinimumVisualStudioVersion = 10.0.40219.1
Project("{FAE04EC0-301F-11D3-BF4B-00C04F79EFBC}") = "Math Operation Assignment", "Math Operation Assignment\Math Operation Assignment.csproj", "{D5D7AA47-7618-4748-AE56-BFB91603185B}"
EndProject
Global
	GlobalSection(SolutionConfigurationPlatforms) = preSolution
		Debug|Any CPU = Debug|Any CPU
		Release|Any CPU = Release|Any CPU
	EndGlobalSection
	GlobalSection(ProjectConfigurationPlatforms) = postSolution
		{D5D7AA47-7618-4748-AE56-BFB91603185B}.Debug|Any CPU.ActiveCfg = Debug|Any CPU
		{D5D7AA47-7618-4748-AE56-BFB91603185B}.Debug|Any CPU.Build.0 = Debug|Any CPU
		{D5D7AA47-7618-4748-AE56-BFB91603185B}.Release|Any CPU.ActiveCfg = Release|Any CPU
		{D5D7AA47-7618-4748-AE56-BFB91603185B}.Release|Any CPU.Build.0 = Release|Any CPU
	EndGlobalSection
	GlobalSection(SolutionProperties) = preSolution
		HideSolutionNode = FALSE
	EndGlobalSection
	GlobalSection(ExtensibilityGlobals) = postSolution
		SolutionGuid = {97D035A6-44F0-4E14-A114-0827FE96D607}
	EndGlobalSection
EndGlobal
