
Microsoft Visual Studio Solution File, Format Version 12.00
# Visual Studio Version 16
VisualStudioVersion = 16.0.31129.286
MinimumVisualStudioVersion = 10.0.40219.1
Project("{FAE04EC0-301F-11D3-BF4B-00C04F79EFBC}") = "Loops", "Loops\Loops.csproj", "{748487D5-E3FE-4900-AFFA-9F45E612A69B}"
EndProject
Global
	GlobalSection(SolutionConfigurationPlatforms) = preSolution
		Debug|Any CPU = Debug|Any CPU
		Release|Any CPU = Release|Any CPU
	EndGlobalSection
	GlobalSection(ProjectConfigurationPlatforms) = postSolution
		{748487D5-E3FE-4900-AFFA-9F45E612A69B}.Debug|Any CPU.ActiveCfg = Debug|Any CPU
		{748487D5-E3FE-4900-AFFA-9F45E612A69B}.Debug|Any CPU.Build.0 = Debug|Any CPU
		{748487D5-E3FE-4900-AFFA-9F45E612A69B}.Release|Any CPU.ActiveCfg = Release|Any CPU
		{748487D5-E3FE-4900-AFFA-9F45E612A69B}.Release|Any CPU.Build.0 = Release|Any CPU
	EndGlobalSection
	GlobalSection(SolutionProperties) = preSolution
		HideSolutionNode = FALSE
	EndGlobalSection
	GlobalSection(ExtensibilityGlobals) = postSolution
		SolutionGuid = {52C9D375-72CB-493C-B379-C61C94D8E8D5}
	EndGlobalSection
EndGlobal
